
Microsoft Visual Studio Solution File, Format Version 12.00
# Visual Studio Version 16
VisualStudioVersion = 16.0.29418.71
MinimumVisualStudioVersion = 10.0.40219.1
Project("{9A19103F-16F7-4668-BE54-9A1E7A4F7556}") = "Sort", "Lab1\Sort.csproj", "{5195FC83-D191-42DA-970A-839A2DFACA49}"
EndProject
Project("{FAE04EC0-301F-11D3-BF4B-00C04F79EFBC}") = "Sort.Test", "Sort.Test\Sort.Test.csproj", "{080307B7-F7C3-49CC-BC0A-BF944F976EB7}"
EndProject
Global
	GlobalSection(SolutionConfigurationPlatforms) = preSolution
		Debug|Any CPU = Debug|Any CPU
		Release|Any CPU = Release|Any CPU
	EndGlobalSection
	GlobalSection(ProjectConfigurationPlatforms) = postSolution
		{5195FC83-D191-42DA-970A-839A2DFACA49}.Debug|Any CPU.ActiveCfg = Debug|Any CPU
		{5195FC83-D191-42DA-970A-839A2DFACA49}.Debug|Any CPU.Build.0 = Debug|Any CPU
		{5195FC83-D191-42DA-970A-839A2DFACA49}.Release|Any CPU.ActiveCfg = Release|Any CPU
		{5195FC83-D191-42DA-970A-839A2DFACA49}.Release|Any CPU.Build.0 = Release|Any CPU
		{080307B7-F7C3-49CC-BC0A-BF944F976EB7}.Debug|Any CPU.ActiveCfg = Debug|Any CPU
		{080307B7-F7C3-49CC-BC0A-BF944F976EB7}.Debug|Any CPU.Build.0 = Debug|Any CPU
		{080307B7-F7C3-49CC-BC0A-BF944F976EB7}.Release|Any CPU.ActiveCfg = Release|Any CPU
		{080307B7-F7C3-49CC-BC0A-BF944F976EB7}.Release|Any CPU.Build.0 = Release|Any CPU
	EndGlobalSection
	GlobalSection(SolutionProperties) = preSolution
		HideSolutionNode = FALSE
	EndGlobalSection
	GlobalSection(ExtensibilityGlobals) = postSolution
		SolutionGuid = {92D55740-81DE-4A1D-BA21-57AB34205BEF}
	EndGlobalSection
EndGlobal
