
Microsoft Visual Studio Solution File, Format Version 12.00
# Visual Studio Version 16
VisualStudioVersion = 16.0.29418.71
MinimumVisualStudioVersion = 10.0.40219.1
Project("{FAE04EC0-301F-11D3-BF4B-00C04F79EFBC}") = "Lab2", "Lab2\Lab2.csproj", "{6C7890F7-93E6-4394-8928-93EDF78FF016}"
EndProject
Global
	GlobalSection(SolutionConfigurationPlatforms) = preSolution
		Debug|Any CPU = Debug|Any CPU
		Release|Any CPU = Release|Any CPU
	EndGlobalSection
	GlobalSection(ProjectConfigurationPlatforms) = postSolution
		{6C7890F7-93E6-4394-8928-93EDF78FF016}.Debug|Any CPU.ActiveCfg = Debug|Any CPU
		{6C7890F7-93E6-4394-8928-93EDF78FF016}.Debug|Any CPU.Build.0 = Debug|Any CPU
		{6C7890F7-93E6-4394-8928-93EDF78FF016}.Release|Any CPU.ActiveCfg = Release|Any CPU
		{6C7890F7-93E6-4394-8928-93EDF78FF016}.Release|Any CPU.Build.0 = Release|Any CPU
	EndGlobalSection
	GlobalSection(SolutionProperties) = preSolution
		HideSolutionNode = FALSE
	EndGlobalSection
	GlobalSection(ExtensibilityGlobals) = postSolution
		SolutionGuid = {256F7A14-18D1-4547-AB75-C9D96AEB43FF}
	EndGlobalSection
EndGlobal
