
Microsoft Visual Studio Solution File, Format Version 12.00
# Visual Studio Version 16
VisualStudioVersion = 16.0.29418.71
MinimumVisualStudioVersion = 10.0.40219.1
Project("{FAE04EC0-301F-11D3-BF4B-00C04F79EFBC}") = "Lab3", "Lab3\Lab3.csproj", "{1724A452-41C8-4D7D-A5B9-C3EF94232B19}"
EndProject
Global
	GlobalSection(SolutionConfigurationPlatforms) = preSolution
		Debug|Any CPU = Debug|Any CPU
		Release|Any CPU = Release|Any CPU
	EndGlobalSection
	GlobalSection(ProjectConfigurationPlatforms) = postSolution
		{1724A452-41C8-4D7D-A5B9-C3EF94232B19}.Debug|Any CPU.ActiveCfg = Debug|Any CPU
		{1724A452-41C8-4D7D-A5B9-C3EF94232B19}.Debug|Any CPU.Build.0 = Debug|Any CPU
		{1724A452-41C8-4D7D-A5B9-C3EF94232B19}.Release|Any CPU.ActiveCfg = Release|Any CPU
		{1724A452-41C8-4D7D-A5B9-C3EF94232B19}.Release|Any CPU.Build.0 = Release|Any CPU
	EndGlobalSection
	GlobalSection(SolutionProperties) = preSolution
		HideSolutionNode = FALSE
	EndGlobalSection
	GlobalSection(ExtensibilityGlobals) = postSolution
		SolutionGuid = {A11054F6-51A8-4466-AE35-E61AD34E4780}
	EndGlobalSection
EndGlobal
